
Microsoft Visual Studio Solution File, Format Version 12.00
# Visual Studio Version 17
VisualStudioVersion = 17.3.32929.385
MinimumVisualStudioVersion = 10.0.40219.1
Project("{FAE04EC0-301F-11D3-BF4B-00C04F79EFBC}") = "csharp-ecommerce-db", "csharp-ecommerce-db.csproj", "{216DA136-F397-4608-B1F7-9FC7C72176E8}"
EndProject
Global
	GlobalSection(SolutionConfigurationPlatforms) = preSolution
		Debug|Any CPU = Debug|Any CPU
		Release|Any CPU = Release|Any CPU
	EndGlobalSection
	GlobalSection(ProjectConfigurationPlatforms) = postSolution
		{216DA136-F397-4608-B1F7-9FC7C72176E8}.Debug|Any CPU.ActiveCfg = Debug|Any CPU
		{216DA136-F397-4608-B1F7-9FC7C72176E8}.Debug|Any CPU.Build.0 = Debug|Any CPU
		{216DA136-F397-4608-B1F7-9FC7C72176E8}.Release|Any CPU.ActiveCfg = Release|Any CPU
		{216DA136-F397-4608-B1F7-9FC7C72176E8}.Release|Any CPU.Build.0 = Release|Any CPU
	EndGlobalSection
	GlobalSection(SolutionProperties) = preSolution
		HideSolutionNode = FALSE
	EndGlobalSection
	GlobalSection(ExtensibilityGlobals) = postSolution
		SolutionGuid = {010BF4EA-1073-450B-8AAE-3BC217C038F8}
	EndGlobalSection
EndGlobal
